
Microsoft Visual Studio Solution File, Format Version 12.00
# Visual Studio Version 16
VisualStudioVersion = 16.0.30104.148
MinimumVisualStudioVersion = 10.0.40219.1
Project("{FAE04EC0-301F-11D3-BF4B-00C04F79EFBC}") = "Lang2Json", "Lang2Json\Lang2Json.csproj", "{3B08264E-B47D-4AE8-95A2-C3F50335CA26}"
EndProject
Global
	GlobalSection(SolutionConfigurationPlatforms) = preSolution
		Debug|Any CPU = Debug|Any CPU
		Release|Any CPU = Release|Any CPU
	EndGlobalSection
	GlobalSection(ProjectConfigurationPlatforms) = postSolution
		{3B08264E-B47D-4AE8-95A2-C3F50335CA26}.Debug|Any CPU.ActiveCfg = Debug|Any CPU
		{3B08264E-B47D-4AE8-95A2-C3F50335CA26}.Debug|Any CPU.Build.0 = Debug|Any CPU
		{3B08264E-B47D-4AE8-95A2-C3F50335CA26}.Release|Any CPU.ActiveCfg = Release|Any CPU
		{3B08264E-B47D-4AE8-95A2-C3F50335CA26}.Release|Any CPU.Build.0 = Release|Any CPU
	EndGlobalSection
	GlobalSection(SolutionProperties) = preSolution
		HideSolutionNode = FALSE
	EndGlobalSection
	GlobalSection(ExtensibilityGlobals) = postSolution
		SolutionGuid = {FFD0D4D5-74D0-4F1D-9C97-0F4B2CD3D128}
	EndGlobalSection
EndGlobal
